
Microsoft Visual Studio Solution File, Format Version 12.00
# Visual Studio Version 17
VisualStudioVersion = 17.14.36414.22 d17.14
MinimumVisualStudioVersion = 10.0.40219.1
Project("{FAE04EC0-301F-11D3-BF4B-00C04F79EFBC}") = "15.9", "15.9\15.9.csproj", "{81408A01-647C-43D9-9D3C-FB592761BAB7}"
EndProject
Global
	GlobalSection(SolutionConfigurationPlatforms) = preSolution
		Debug|Any CPU = Debug|Any CPU
		Release|Any CPU = Release|Any CPU
	EndGlobalSection
	GlobalSection(ProjectConfigurationPlatforms) = postSolution
		{81408A01-647C-43D9-9D3C-FB592761BAB7}.Debug|Any CPU.ActiveCfg = Debug|Any CPU
		{81408A01-647C-43D9-9D3C-FB592761BAB7}.Debug|Any CPU.Build.0 = Debug|Any CPU
		{81408A01-647C-43D9-9D3C-FB592761BAB7}.Release|Any CPU.ActiveCfg = Release|Any CPU
		{81408A01-647C-43D9-9D3C-FB592761BAB7}.Release|Any CPU.Build.0 = Release|Any CPU
	EndGlobalSection
	GlobalSection(SolutionProperties) = preSolution
		HideSolutionNode = FALSE
	EndGlobalSection
	GlobalSection(ExtensibilityGlobals) = postSolution
		SolutionGuid = {593E740B-F94F-45F9-9351-A1CA8B73571E}
	EndGlobalSection
EndGlobal
